
Microsoft Visual Studio Solution File, Format Version 12.00
# Visual Studio 14
VisualStudioVersion = 14.0.23107.0
MinimumVisualStudioVersion = 10.0.40219.1
Project("{FAE04EC0-301F-11D3-BF4B-00C04F79EFBC}") = "CrowdServWebsite.Web", "CrowdServWebsite\CrowdServWebsite.Web.csproj", "{9C200FC7-8E15-4307-B199-9BF92EFC1E38}"
EndProject
Project("{FAE04EC0-301F-11D3-BF4B-00C04F79EFBC}") = "CrowdServWebsite.Model", "CrowdServWebsite.Model\CrowdServWebsite.Model.csproj", "{9AD0D31A-79B2-4D4C-9260-3111B171DF9B}"
EndProject
Project("{FAE04EC0-301F-11D3-BF4B-00C04F79EFBC}") = "CrowdServWebsite.Data", "CrowdServWebsite.Data\CrowdServWebsite.Data.csproj", "{ED52DD28-1BD4-4CBC-B2C0-732EFD375926}"
EndProject
Global
	GlobalSection(SolutionConfigurationPlatforms) = preSolution
		Debug|Any CPU = Debug|Any CPU
		Release|Any CPU = Release|Any CPU
	EndGlobalSection
	GlobalSection(ProjectConfigurationPlatforms) = postSolution
		{9C200FC7-8E15-4307-B199-9BF92EFC1E38}.Debug|Any CPU.ActiveCfg = Debug|Any CPU
		{9C200FC7-8E15-4307-B199-9BF92EFC1E38}.Debug|Any CPU.Build.0 = Debug|Any CPU
		{9C200FC7-8E15-4307-B199-9BF92EFC1E38}.Release|Any CPU.ActiveCfg = Release|Any CPU
		{9C200FC7-8E15-4307-B199-9BF92EFC1E38}.Release|Any CPU.Build.0 = Release|Any CPU
		{9AD0D31A-79B2-4D4C-9260-3111B171DF9B}.Debug|Any CPU.ActiveCfg = Debug|Any CPU
		{9AD0D31A-79B2-4D4C-9260-3111B171DF9B}.Debug|Any CPU.Build.0 = Debug|Any CPU
		{9AD0D31A-79B2-4D4C-9260-3111B171DF9B}.Release|Any CPU.ActiveCfg = Release|Any CPU
		{9AD0D31A-79B2-4D4C-9260-3111B171DF9B}.Release|Any CPU.Build.0 = Release|Any CPU
		{ED52DD28-1BD4-4CBC-B2C0-732EFD375926}.Debug|Any CPU.ActiveCfg = Debug|Any CPU
		{ED52DD28-1BD4-4CBC-B2C0-732EFD375926}.Debug|Any CPU.Build.0 = Debug|Any CPU
		{ED52DD28-1BD4-4CBC-B2C0-732EFD375926}.Release|Any CPU.ActiveCfg = Release|Any CPU
		{ED52DD28-1BD4-4CBC-B2C0-732EFD375926}.Release|Any CPU.Build.0 = Release|Any CPU
	EndGlobalSection
	GlobalSection(SolutionProperties) = preSolution
		HideSolutionNode = FALSE
	EndGlobalSection
EndGlobal
